
Microsoft Visual Studio Solution File, Format Version 12.00
# Visual Studio 2013
VisualStudioVersion = 12.0.31101.0
MinimumVisualStudioVersion = 10.0.40219.1
Project("{FAE04EC0-301F-11D3-BF4B-00C04F79EFBC}") = "Numerous.Api", "Numerous.Api\Numerous.Api.csproj", "{2549C0F2-5A4C-469A-B32D-A32CCD3DCA4B}"
EndProject
Project("{2150E333-8FDC-42A3-9474-1A3956D46DE8}") = "Solution Items", "Solution Items", "{A2D92405-F7EA-435C-BFA9-758B10D2D795}"
	ProjectSection(SolutionItems) = preProject
		.gitignore = .gitignore
		LICENSE = LICENSE
		README.md = README.md
	EndProjectSection
EndProject
Project("{2150E333-8FDC-42A3-9474-1A3956D46DE8}") = ".nuget", ".nuget", "{1DFCB0FB-69A0-4771-BC41-94B9419A7C59}"
	ProjectSection(SolutionItems) = preProject
		.nuget\NuGet.Config = .nuget\NuGet.Config
		.nuget\NuGet.exe = .nuget\NuGet.exe
		.nuget\NuGet.targets = .nuget\NuGet.targets
	EndProjectSection
EndProject
Global
	GlobalSection(SolutionConfigurationPlatforms) = preSolution
		Debug|Any CPU = Debug|Any CPU
		Release|Any CPU = Release|Any CPU
	EndGlobalSection
	GlobalSection(ProjectConfigurationPlatforms) = postSolution
		{2549C0F2-5A4C-469A-B32D-A32CCD3DCA4B}.Debug|Any CPU.ActiveCfg = Debug|Any CPU
		{2549C0F2-5A4C-469A-B32D-A32CCD3DCA4B}.Debug|Any CPU.Build.0 = Debug|Any CPU
		{2549C0F2-5A4C-469A-B32D-A32CCD3DCA4B}.Release|Any CPU.ActiveCfg = Release|Any CPU
		{2549C0F2-5A4C-469A-B32D-A32CCD3DCA4B}.Release|Any CPU.Build.0 = Release|Any CPU
	EndGlobalSection
	GlobalSection(SolutionProperties) = preSolution
		HideSolutionNode = FALSE
	EndGlobalSection
EndGlobal
